
Microsoft Visual Studio Solution File, Format Version 11.00
# Visual Studio 2010
Project("{FAE04EC0-301F-11D3-BF4B-00C04F79EFBC}") = "FinTOKMAK.PriorityQueue.Demo", "FinTOKMAK.PriorityQueue.Demo.csproj", "{1413fa42-77ec-ce46-4b00-d174638ee90e}"
EndProject
Project("{FAE04EC0-301F-11D3-BF4B-00C04F79EFBC}") = "FinTOKMAK.PriorityQueue.Runtime", "FinTOKMAK.PriorityQueue.Runtime.csproj", "{8541e38a-56c5-dbb9-06f9-e402954a00f9}"
EndProject
Global
	GlobalSection(SolutionConfigurationPlatforms) = preSolution
		Debug|Any CPU = Debug|Any CPU
		Release|Any CPU = Release|Any CPU
	EndGlobalSection
	GlobalSection(ProjectConfigurationPlatforms) = postSolution
		{1413fa42-77ec-ce46-4b00-d174638ee90e}.Debug|Any CPU.ActiveCfg = Debug|Any CPU
		{1413fa42-77ec-ce46-4b00-d174638ee90e}.Debug|Any CPU.Build.0 = Debug|Any CPU
		{1413fa42-77ec-ce46-4b00-d174638ee90e}.Release|Any CPU.ActiveCfg = Release|Any CPU
		{1413fa42-77ec-ce46-4b00-d174638ee90e}.Release|Any CPU.Build.0 = Release|Any CPU
		{8541e38a-56c5-dbb9-06f9-e402954a00f9}.Debug|Any CPU.ActiveCfg = Debug|Any CPU
		{8541e38a-56c5-dbb9-06f9-e402954a00f9}.Debug|Any CPU.Build.0 = Debug|Any CPU
		{8541e38a-56c5-dbb9-06f9-e402954a00f9}.Release|Any CPU.ActiveCfg = Release|Any CPU
		{8541e38a-56c5-dbb9-06f9-e402954a00f9}.Release|Any CPU.Build.0 = Release|Any CPU
	EndGlobalSection
	GlobalSection(SolutionProperties) = preSolution
		HideSolutionNode = FALSE
	EndGlobalSection
EndGlobal
